
Microsoft Visual Studio Solution File, Format Version 12.00
# Visual Studio Version 16
VisualStudioVersion = 16.0.31321.278
MinimumVisualStudioVersion = 10.0.40219.1
Project("{FAE04EC0-301F-11D3-BF4B-00C04F79EFBC}") = "MyDictionary", "MyDictionary\MyDictionary.csproj", "{DD9A6041-26B5-4D7C-90E1-EB7DB6B8CF61}"
EndProject
Global
	GlobalSection(SolutionConfigurationPlatforms) = preSolution
		Debug|Any CPU = Debug|Any CPU
		Release|Any CPU = Release|Any CPU
	EndGlobalSection
	GlobalSection(ProjectConfigurationPlatforms) = postSolution
		{DD9A6041-26B5-4D7C-90E1-EB7DB6B8CF61}.Debug|Any CPU.ActiveCfg = Debug|Any CPU
		{DD9A6041-26B5-4D7C-90E1-EB7DB6B8CF61}.Debug|Any CPU.Build.0 = Debug|Any CPU
		{DD9A6041-26B5-4D7C-90E1-EB7DB6B8CF61}.Release|Any CPU.ActiveCfg = Release|Any CPU
		{DD9A6041-26B5-4D7C-90E1-EB7DB6B8CF61}.Release|Any CPU.Build.0 = Release|Any CPU
	EndGlobalSection
	GlobalSection(SolutionProperties) = preSolution
		HideSolutionNode = FALSE
	EndGlobalSection
	GlobalSection(ExtensibilityGlobals) = postSolution
		SolutionGuid = {A02FA545-D8EF-49DD-AA1E-DF1177117AE8}
	EndGlobalSection
EndGlobal
